
Microsoft Visual Studio Solution File, Format Version 12.00
# Visual Studio Version 17
VisualStudioVersion = 17.13.35806.99 d17.13
MinimumVisualStudioVersion = 10.0.40219.1
Project("{F184B08F-C81C-45F6-A57F-5ABD9991F28F}") = "notebook", "notebook\notebook.vbproj", "{94AEC2F6-29C9-4430-BBB8-053F7E009E23}"
EndProject
Global
	GlobalSection(SolutionConfigurationPlatforms) = preSolution
		Debug|Any CPU = Debug|Any CPU
		Release|Any CPU = Release|Any CPU
	EndGlobalSection
	GlobalSection(ProjectConfigurationPlatforms) = postSolution
		{94AEC2F6-29C9-4430-BBB8-053F7E009E23}.Debug|Any CPU.ActiveCfg = Debug|Any CPU
		{94AEC2F6-29C9-4430-BBB8-053F7E009E23}.Debug|Any CPU.Build.0 = Debug|Any CPU
		{94AEC2F6-29C9-4430-BBB8-053F7E009E23}.Release|Any CPU.ActiveCfg = Release|Any CPU
		{94AEC2F6-29C9-4430-BBB8-053F7E009E23}.Release|Any CPU.Build.0 = Release|Any CPU
	EndGlobalSection
	GlobalSection(SolutionProperties) = preSolution
		HideSolutionNode = FALSE
	EndGlobalSection
	GlobalSection(ExtensibilityGlobals) = postSolution
		SolutionGuid = {4745A5FE-497F-41DA-9052-F7CA49FC2E47}
	EndGlobalSection
EndGlobal
